{
  "name": "backpass-env",
  "lockfileVersion": 3,
  "requires": true,
  "packages": {
    "": {
      "name": "backpass-env",
      "dependencies": {
        "backpass": "0.1.30"
      }
    },
    "node_modules/backpass": {
      "version": "0.1.30",
      "resolved": "https://registry.npmjs.org/backpass/-/backpass-0.1.30.tgz",
      "integrity": "sha512-uOhlKJu18+5fDmhuLiDuwfZanS0xNPEPk2LRNDAdmgG0KhQhYHr2oDp4GqnViD5ubYZKDcM5PJxBOt2lQsj1+Q==",
      "license": "MIT",
      "bin": {
        "backpass": "bin/backpass.js"
      },
      "engines": {
        "node": ">=22.5.0"
      }
    }
  }
}
